
Microsoft Visual Studio Solution File, Format Version 12.00
# Visual Studio Version 17
VisualStudioVersion = 17.11.35327.3
MinimumVisualStudioVersion = 10.0.40219.1
Project("{8BC9CEB8-8B4A-11D0-8D11-00A0C91BC942}") = "Lab5_5", "Lab5_5\Lab5_5.vcxproj", "{BBA3B02D-2341-4030-9372-EEE8DFC09A68}"
EndProject
Project("{8BC9CEB8-8B4A-11D0-8D11-00A0C91BC942}") = "UnitTest1", "UnitTest1\UnitTest1.vcxproj", "{CC9D3B1A-6043-4189-ABE1-DC33382E488E}"
EndProject
Global
	GlobalSection(SolutionConfigurationPlatforms) = preSolution
		Debug|x64 = Debug|x64
		Debug|x86 = Debug|x86
		Release|x64 = Release|x64
		Release|x86 = Release|x86
	EndGlobalSection
	GlobalSection(ProjectConfigurationPlatforms) = postSolution
		{BBA3B02D-2341-4030-9372-EEE8DFC09A68}.Debug|x64.ActiveCfg = Debug|x64
		{BBA3B02D-2341-4030-9372-EEE8DFC09A68}.Debug|x64.Build.0 = Debug|x64
		{BBA3B02D-2341-4030-9372-EEE8DFC09A68}.Debug|x86.ActiveCfg = Debug|Win32
		{BBA3B02D-2341-4030-9372-EEE8DFC09A68}.Debug|x86.Build.0 = Debug|Win32
		{BBA3B02D-2341-4030-9372-EEE8DFC09A68}.Release|x64.ActiveCfg = Release|x64
		{BBA3B02D-2341-4030-9372-EEE8DFC09A68}.Release|x64.Build.0 = Release|x64
		{BBA3B02D-2341-4030-9372-EEE8DFC09A68}.Release|x86.ActiveCfg = Release|Win32
		{BBA3B02D-2341-4030-9372-EEE8DFC09A68}.Release|x86.Build.0 = Release|Win32
		{CC9D3B1A-6043-4189-ABE1-DC33382E488E}.Debug|x64.ActiveCfg = Debug|x64
		{CC9D3B1A-6043-4189-ABE1-DC33382E488E}.Debug|x64.Build.0 = Debug|x64
		{CC9D3B1A-6043-4189-ABE1-DC33382E488E}.Debug|x86.ActiveCfg = Debug|Win32
		{CC9D3B1A-6043-4189-ABE1-DC33382E488E}.Debug|x86.Build.0 = Debug|Win32
		{CC9D3B1A-6043-4189-ABE1-DC33382E488E}.Release|x64.ActiveCfg = Release|x64
		{CC9D3B1A-6043-4189-ABE1-DC33382E488E}.Release|x64.Build.0 = Release|x64
		{CC9D3B1A-6043-4189-ABE1-DC33382E488E}.Release|x86.ActiveCfg = Release|Win32
		{CC9D3B1A-6043-4189-ABE1-DC33382E488E}.Release|x86.Build.0 = Release|Win32
	EndGlobalSection
	GlobalSection(SolutionProperties) = preSolution
		HideSolutionNode = FALSE
	EndGlobalSection
	GlobalSection(ExtensibilityGlobals) = postSolution
		SolutionGuid = {E87CD840-1F6F-4B17-8A55-CA7D73F290A2}
	EndGlobalSection
EndGlobal
